// !$*UTF8*$!
{
	archiveVersion = 1;
	classes = {
	};
	objectVersion = 50;
	objects = {

/* Begin PBXBuildFile section */
		7A3534C17DBA4ED0D2D1389C /* Pods_Chat.framework in Frameworks */ = {isa = PBXBuildFile; fileRef = AE60419204858C98EA2F4463 /* Pods_Chat.framework */; };
		C4369AE020B9EFA300D8856B /* GoogleService-Info.plist in Resources */ = {isa = PBXBuildFile; fileRef = C4369ADF20B9EFA300D8856B /* GoogleService-Info.plist */; };
		C47B925720BB063900E1BB47 /* SignUpViewController.swift in Sources */ = {isa = PBXBuildFile; fileRef = C47B925620BB063900E1BB47 /* SignUpViewController.swift */; };
		C47B925920BB071700E1BB47 /* AuthenticationViewController.swift in Sources */ = {isa = PBXBuildFile; fileRef = C47B925820BB071700E1BB47 /* AuthenticationViewController.swift */; };
		C47B925B20BB1DA900E1BB47 /* LogInViewController.swift in Sources */ = {isa = PBXBuildFile; fileRef = C47B925A20BB1DA900E1BB47 /* LogInViewController.swift */; };
		C47B925D20BB51C600E1BB47 /* TabBarController.swift in Sources */ = {isa = PBXBuildFile; fileRef = C47B925C20BB51C600E1BB47 /* TabBarController.swift */; };
		C49F362420B78D7B0022CC27 /* AppDelegate.swift in Sources */ = {isa = PBXBuildFile; fileRef = C49F362320B78D7B0022CC27 /* AppDelegate.swift */; };
		C49F362B20B78D7C0022CC27 /* Assets.xcassets in Resources */ = {isa = PBXBuildFile; fileRef = C49F362A20B78D7C0022CC27 /* Assets.xcassets */; };
		C49F362E20B78D7C0022CC27 /* LaunchScreen.storyboard in Resources */ = {isa = PBXBuildFile; fileRef = C49F362C20B78D7C0022CC27 /* LaunchScreen.storyboard */; };
		C4E26EC520B8C6BA00E71C2E /* HomeViewController.swift in Sources */ = {isa = PBXBuildFile; fileRef = C4E26EC420B8C6BA00E71C2E /* HomeViewController.swift */; };
		C4E26ECC20B8CDEF00E71C2E /* Settings.swift in Sources */ = {isa = PBXBuildFile; fileRef = C4E26ECB20B8CDEF00E71C2E /* Settings.swift */; };
/* End PBXBuildFile section */

/* Begin PBXFileReference section */
		481D8EFF1EA7B6FCC6F07513 /* Pods-Chat.release.xcconfig */ = {isa = PBXFileReference; includeInIndex = 1; lastKnownFileType = text.xcconfig; name = "Pods-Chat.release.xcconfig"; path = "Pods/Target Support Files/Pods-Chat/Pods-Chat.release.xcconfig"; sourceTree = "<group>"; };
		AE60419204858C98EA2F4463 /* Pods_Chat.framework */ = {isa = PBXFileReference; explicitFileType = wrapper.framework; includeInIndex = 0; path = Pods_Chat.framework; sourceTree = BUILT_PRODUCTS_DIR; };
		C4369ADF20B9EFA300D8856B /* GoogleService-Info.plist */ = {isa = PBXFileReference; fileEncoding = 4; lastKnownFileType = text.plist.xml; path = "GoogleService-Info.plist"; sourceTree = "<group>"; };
		C47B925620BB063900E1BB47 /* SignUpViewController.swift */ = {isa = PBXFileReference; lastKnownFileType = sourcecode.swift; path = SignUpViewController.swift; sourceTree = "<group>"; };
		C47B925820BB071700E1BB47 /* AuthenticationViewController.swift */ = {isa = PBXFileReference; lastKnownFileType = sourcecode.swift; path = AuthenticationViewController.swift; sourceTree = "<group>"; };
		C47B925A20BB1DA900E1BB47 /* LogInViewController.swift */ = {isa = PBXFileReference; lastKnownFileType = sourcecode.swift; path = LogInViewController.swift; sourceTree = "<group>"; };
		C47B925C20BB51C600E1BB47 /* TabBarController.swift */ = {isa = PBXFileReference; lastKnownFileType = sourcecode.swift; path = TabBarController.swift; sourceTree = "<group>"; };
		C49F362020B78D7B0022CC27 /* Chat.app */ = {isa = PBXFileReference; explicitFileType = wrapper.application; includeInIndex = 0; path = Chat.app; sourceTree = BUILT_PRODUCTS_DIR; };
		C49F362320B78D7B0022CC27 /* AppDelegate.swift */ = {isa = PBXFileReference; lastKnownFileType = sourcecode.swift; path = AppDelegate.swift; sourceTree = "<group>"; };
		C49F362A20B78D7C0022CC27 /* Assets.xcassets */ = {isa = PBXFileReference; lastKnownFileType = folder.assetcatalog; path = Assets.xcassets; sourceTree = "<group>"; };
		C49F362D20B78D7C0022CC27 /* Base */ = {isa = PBXFileReference; lastKnownFileType = file.storyboard; name = Base; path = Base.lproj/LaunchScreen.storyboard; sourceTree = "<group>"; };
		C49F362F20B78D7C0022CC27 /* Info.plist */ = {isa = PBXFileReference; lastKnownFileType = text.plist.xml; path = Info.plist; sourceTree = "<group>"; };
		C4E26EC420B8C6BA00E71C2E /* HomeViewController.swift */ = {isa = PBXFileReference; lastKnownFileType = sourcecode.swift; path = HomeViewController.swift; sourceTree = "<group>"; };
		C4E26ECB20B8CDEF00E71C2E /* Settings.swift */ = {isa = PBXFileReference; lastKnownFileType = sourcecode.swift; path = Settings.swift; sourceTree = "<group>"; };
		F65E1F08FE01AF95D3D62CC4 /* Pods-Chat.debug.xcconfig */ = {isa = PBXFileReference; includeInIndex = 1; lastKnownFileType = text.xcconfig; name = "Pods-Chat.debug.xcconfig"; path = "Pods/Target Support Files/Pods-Chat/Pods-Chat.debug.xcconfig"; sourceTree = "<group>"; };
/* End PBXFileReference section */

/* Begin PBXFrameworksBuildPhase section */
		C49F361D20B78D7B0022CC27 /* Frameworks */ = {
			isa = PBXFrameworksBuildPhase;
			buildActionMask = 2147483647;
			files = (
				7A3534C17DBA4ED0D2D1389C /* Pods_Chat.framework in Frameworks */,
			);
			runOnlyForDeploymentPostprocessing = 0;
		};
/* End PBXFrameworksBuildPhase section */

/* Begin PBXGroup section */
		0A57323C128D91BE97B0F98F /* Pods */ = {
			isa = PBXGroup;
			children = (
				F65E1F08FE01AF95D3D62CC4 /* Pods-Chat.debug.xcconfig */,
				481D8EFF1EA7B6FCC6F07513 /* Pods-Chat.release.xcconfig */,
			);
			name = Pods;
			sourceTree = "<group>";
		};
		B31A4AB147B2E6B6A0AA58EB /* Frameworks */ = {
			isa = PBXGroup;
			children = (
				AE60419204858C98EA2F4463 /* Pods_Chat.framework */,
			);
			name = Frameworks;
			sourceTree = "<group>";
		};
		C49F361720B78D7B0022CC27 = {
			isa = PBXGroup;
			children = (
				C49F362220B78D7B0022CC27 /* Chat */,
				C49F362120B78D7B0022CC27 /* Products */,
				0A57323C128D91BE97B0F98F /* Pods */,
				B31A4AB147B2E6B6A0AA58EB /* Frameworks */,
			);
			sourceTree = "<group>";
		};
		C49F362120B78D7B0022CC27 /* Products */ = {
			isa = PBXGroup;
			children = (
				C49F362020B78D7B0022CC27 /* Chat.app */,
			);
			name = Products;
			sourceTree = "<group>";
		};
		C49F362220B78D7B0022CC27 /* Chat */ = {
			isa = PBXGroup;
			children = (
				C4E26EC820B8CBC200E71C2E /* ViewControllers */,
				C4E26ECA20B8CD4A00E71C2E /* Models */,
				C4E26EC920B8CD3E00E71C2E /* Views */,
				C49F362320B78D7B0022CC27 /* AppDelegate.swift */,
				C49F362C20B78D7C0022CC27 /* LaunchScreen.storyboard */,
				C49F362A20B78D7C0022CC27 /* Assets.xcassets */,
				C49F362F20B78D7C0022CC27 /* Info.plist */,
				C4369ADF20B9EFA300D8856B /* GoogleService-Info.plist */,
			);
			path = Chat;
			sourceTree = "<group>";
		};
		C4E26EC820B8CBC200E71C2E /* ViewControllers */ = {
			isa = PBXGroup;
			children = (
				C47B925820BB071700E1BB47 /* AuthenticationViewController.swift */,
				C47B925A20BB1DA900E1BB47 /* LogInViewController.swift */,
				C47B925620BB063900E1BB47 /* SignUpViewController.swift */,
				C47B925C20BB51C600E1BB47 /* TabBarController.swift */,
				C4E26EC420B8C6BA00E71C2E /* HomeViewController.swift */,
			);
			path = ViewControllers;
			sourceTree = "<group>";
		};
		C4E26EC920B8CD3E00E71C2E /* Views */ = {
			isa = PBXGroup;
			children = (
			);
			path = Views;
			sourceTree = "<group>";
		};
		C4E26ECA20B8CD4A00E71C2E /* Models */ = {
			isa = PBXGroup;
			children = (
				C4E26ECB20B8CDEF00E71C2E /* Settings.swift */,
			);
			path = Models;
			sourceTree = "<group>";
		};
/* End PBXGroup section */

/* Begin PBXNativeTarget section */
		C49F361F20B78D7B0022CC27 /* Chat */ = {
			isa = PBXNativeTarget;
			buildConfigurationList = C49F363220B78D7C0022CC27 /* Build configuration list for PBXNativeTarget "Chat" */;
			buildPhases = (
				D5C16B1629DFAAE388838D99 /* [CP] Check Pods Manifest.lock */,
				C49F361C20B78D7B0022CC27 /* Sources */,
				C49F361D20B78D7B0022CC27 /* Frameworks */,
				C49F361E20B78D7B0022CC27 /* Resources */,
				C150B2DEDF7EE784A6A9B3B4 /* [CP] Embed Pods Frameworks */,
			);
			buildRules = (
			);
			dependencies = (
			);
			name = Chat;
			productName = Chat;
			productReference = C49F362020B78D7B0022CC27 /* Chat.app */;
			productType = "com.apple.product-type.application";
		};
/* End PBXNativeTarget section */

/* Begin PBXProject section */
		C49F361820B78D7B0022CC27 /* Project object */ = {
			isa = PBXProject;
			attributes = {
				LastSwiftUpdateCheck = 0930;
				LastUpgradeCheck = 0930;
				ORGANIZATIONNAME = "Crossley Rozario";
				TargetAttributes = {
					C49F361F20B78D7B0022CC27 = {
						CreatedOnToolsVersion = 9.3.1;
					};
				};
			};
			buildConfigurationList = C49F361B20B78D7B0022CC27 /* Build configuration list for PBXProject "Chat" */;
			compatibilityVersion = "Xcode 9.3";
			developmentRegion = en;
			hasScannedForEncodings = 0;
			knownRegions = (
				en,
				Base,
			);
			mainGroup = C49F361720B78D7B0022CC27;
			productRefGroup = C49F362120B78D7B0022CC27 /* Products */;
			projectDirPath = "";
			projectRoot = "";
			targets = (
				C49F361F20B78D7B0022CC27 /* Chat */,
			);
		};
/* End PBXProject section */

/* Begin PBXResourcesBuildPhase section */
		C49F361E20B78D7B0022CC27 /* Resources */ = {
			isa = PBXResourcesBuildPhase;
			buildActionMask = 2147483647;
			files = (
				C49F362E20B78D7C0022CC27 /* LaunchScreen.storyboard in Resources */,
				C49F362B20B78D7C0022CC27 /* Assets.xcassets in Resources */,
				C4369AE020B9EFA300D8856B /* GoogleService-Info.plist in Resources */,
			);
			runOnlyForDeploymentPostprocessing = 0;
		};
/* End PBXResourcesBuildPhase section */

/* Begin PBXShellScriptBuildPhase section */
		C150B2DEDF7EE784A6A9B3B4 /* [CP] Embed Pods Frameworks */ = {
			isa = PBXShellScriptBuildPhase;
			buildActionMask = 2147483647;
			files = (
			);
			inputPaths = (
				"${SRCROOT}/Pods/Target Support Files/Pods-Chat/Pods-Chat-frameworks.sh",
				"${BUILT_PRODUCTS_DIR}/GTMSessionFetcher/GTMSessionFetcher.framework",
				"${BUILT_PRODUCTS_DIR}/GoogleToolboxForMac/GoogleToolboxForMac.framework",
				"${BUILT_PRODUCTS_DIR}/leveldb-library/leveldb.framework",
				"${BUILT_PRODUCTS_DIR}/nanopb/nanopb.framework",
			);
			name = "[CP] Embed Pods Frameworks";
			outputPaths = (
				"${TARGET_BUILD_DIR}/${FRAMEWORKS_FOLDER_PATH}/GTMSessionFetcher.framework",
				"${TARGET_BUILD_DIR}/${FRAMEWORKS_FOLDER_PATH}/GoogleToolboxForMac.framework",
				"${TARGET_BUILD_DIR}/${FRAMEWORKS_FOLDER_PATH}/leveldb.framework",
				"${TARGET_BUILD_DIR}/${FRAMEWORKS_FOLDER_PATH}/nanopb.framework",
			);
			runOnlyForDeploymentPostprocessing = 0;
			shellPath = /bin/sh;
			shellScript = "\"${SRCROOT}/Pods/Target Support Files/Pods-Chat/Pods-Chat-frameworks.sh\"\n";
			showEnvVarsInLog = 0;
		};
		D5C16B1629DFAAE388838D99 /* [CP] Check Pods Manifest.lock */ = {
			isa = PBXShellScriptBuildPhase;
			buildActionMask = 2147483647;
			files = (
			);
			inputPaths = (
				"${PODS_PODFILE_DIR_PATH}/Podfile.lock",
				"${PODS_ROOT}/Manifest.lock",
			);
			name = "[CP] Check Pods Manifest.lock";
			outputPaths = (
				"$(DERIVED_FILE_DIR)/Pods-Chat-checkManifestLockResult.txt",
			);
			runOnlyForDeploymentPostprocessing = 0;
			shellPath = /bin/sh;
			shellScript = "diff \"${PODS_PODFILE_DIR_PATH}/Podfile.lock\" \"${PODS_ROOT}/Manifest.lock\" > /dev/null\nif [ $? != 0 ] ; then\n    # print error to STDERR\n    echo \"error: The sandbox is not in sync with the Podfile.lock. Run 'pod install' or update your CocoaPods installation.\" >&2\n    exit 1\nfi\n# This output is used by Xcode 'outputs' to avoid re-running this script phase.\necho \"SUCCESS\" > \"${SCRIPT_OUTPUT_FILE_0}\"\n";
			showEnvVarsInLog = 0;
		};
/* End PBXShellScriptBuildPhase section */

/* Begin PBXSourcesBuildPhase section */
		C49F361C20B78D7B0022CC27 /* Sources */ = {
			isa = PBXSourcesBuildPhase;
			buildActionMask = 2147483647;
			files = (
				C49F362420B78D7B0022CC27 /* AppDelegate.swift in Sources */,
				C4E26ECC20B8CDEF00E71C2E /* Settings.swift in Sources */,
				C47B925B20BB1DA900E1BB47 /* LogInViewController.swift in Sources */,
				C4E26EC520B8C6BA00E71C2E /* HomeViewController.swift in Sources */,
				C47B925D20BB51C600E1BB47 /* TabBarController.swift in Sources */,
				C47B925920BB071700E1BB47 /* AuthenticationViewController.swift in Sources */,
				C47B925720BB063900E1BB47 /* SignUpViewController.swift in Sources */,
			);
			runOnlyForDeploymentPostprocessing = 0;
		};
/* End PBXSourcesBuildPhase section */

/* Begin PBXVariantGroup section */
		C49F362C20B78D7C0022CC27 /* LaunchScreen.storyboard */ = {
			isa = PBXVariantGroup;
			children = (
				C49F362D20B78D7C0022CC27 /* Base */,
			);
			name = LaunchScreen.storyboard;
			sourceTree = "<group>";
		};
/* End PBXVariantGroup section */

/* Begin XCBuildConfiguration section */
		C49F363020B78D7C0022CC27 /* Debug */ = {
			isa = XCBuildConfiguration;
			buildSettings = {
				ALWAYS_SEARCH_USER_PATHS = NO;
				CLANG_ANALYZER_NONNULL = YES;
				CLANG_ANALYZER_NUMBER_OBJECT_CONVERSION = YES_AGGRESSIVE;
				CLANG_CXX_LANGUAGE_STANDARD = "gnu++14";
				CLANG_CXX_LIBRARY = "libc++";
				CLANG_ENABLE_MODULES = YES;
				CLANG_ENABLE_OBJC_ARC = YES;
				CLANG_ENABLE_OBJC_WEAK = YES;
				CLANG_WARN_BLOCK_CAPTURE_AUTORELEASING = YES;
				CLANG_WARN_BOOL_CONVERSION = YES;
				CLANG_WARN_COMMA = YES;
				CLANG_WARN_CONSTANT_CONVERSION = YES;
				CLANG_WARN_DEPRECATED_OBJC_IMPLEMENTATIONS = YES;
				CLANG_WARN_DIRECT_OBJC_ISA_USAGE = YES_ERROR;
				CLANG_WARN_DOCUMENTATION_COMMENTS = YES;
				CLANG_WARN_EMPTY_BODY = YES;
				CLANG_WARN_ENUM_CONVERSION = YES;
				CLANG_WARN_INFINITE_RECURSION = YES;
				CLANG_WARN_INT_CONVERSION = YES;
				CLANG_WARN_NON_LITERAL_NULL_CONVERSION = YES;
				CLANG_WARN_OBJC_IMPLICIT_RETAIN_SELF = YES;
				CLANG_WARN_OBJC_LITERAL_CONVERSION = YES;
				CLANG_WARN_OBJC_ROOT_CLASS = YES_ERROR;
				CLANG_WARN_RANGE_LOOP_ANALYSIS = YES;
				CLANG_WARN_STRICT_PROTOTYPES = YES;
				CLANG_WARN_SUSPICIOUS_MOVE = YES;
				CLANG_WARN_UNGUARDED_AVAILABILITY = YES_AGGRESSIVE;
				CLANG_WARN_UNREACHABLE_CODE = YES;
				CLANG_WARN__DUPLICATE_METHOD_MATCH = YES;
				CODE_SIGN_IDENTITY = "iPhone Developer";
				COPY_PHASE_STRIP = NO;
				DEBUG_INFORMATION_FORMAT = dwarf;
				ENABLE_STRICT_OBJC_MSGSEND = YES;
				ENABLE_TESTABILITY = YES;
				GCC_C_LANGUAGE_STANDARD = gnu11;
				GCC_DYNAMIC_NO_PIC = NO;
				GCC_NO_COMMON_BLOCKS = YES;
				GCC_OPTIMIZATION_LEVEL = 0;
				GCC_PREPROCESSOR_DEFINITIONS = (
					"DEBUG=1",
					"$(inherited)",
				);
				GCC_WARN_64_TO_32_BIT_CONVERSION = YES;
				GCC_WARN_ABOUT_RETURN_TYPE = YES_ERROR;
				GCC_WARN_UNDECLARED_SELECTOR = YES;
				GCC_WARN_UNINITIALIZED_AUTOS = YES_AGGRESSIVE;
				GCC_WARN_UNUSED_FUNCTION = YES;
				GCC_WARN_UNUSED_VARIABLE = YES;
				IPHONEOS_DEPLOYMENT_TARGET = 11.3;
				MTL_ENABLE_DEBUG_INFO = YES;
				ONLY_ACTIVE_ARCH = YES;
				SDKROOT = iphoneos;
				SWIFT_ACTIVE_COMPILATION_CONDITIONS = DEBUG;
				SWIFT_OPTIMIZATION_LEVEL = "-Onone";
			};
			name = Debug;
		};
		C49F363120B78D7C0022CC27 /* Release */ = {
			isa = XCBuildConfiguration;
			buildSettings = {
				ALWAYS_SEARCH_USER_PATHS = NO;
				CLANG_ANALYZER_NONNULL = YES;
				CLANG_ANALYZER_NUMBER_OBJECT_CONVERSION = YES_AGGRESSIVE;
				CLANG_CXX_LANGUAGE_STANDARD = "gnu++14";
				CLANG_CXX_LIBRARY = "libc++";
				CLANG_ENABLE_MODULES = YES;
				CLANG_ENABLE_OBJC_ARC = YES;
				CLANG_ENABLE_OBJC_WEAK = YES;
				CLANG_WARN_BLOCK_CAPTURE_AUTORELEASING = YES;
				CLANG_WARN_BOOL_CONVERSION = YES;
				CLANG_WARN_COMMA = YES;
				CLANG_WARN_CONSTANT_CONVERSION = YES;
				CLANG_WARN_DEPRECATED_OBJC_IMPLEMENTATIONS = YES;
				CLANG_WARN_DIRECT_OBJC_ISA_USAGE = YES_ERROR;
				CLANG_WARN_DOCUMENTATION_COMMENTS = YES;
				CLANG_WARN_EMPTY_BODY = YES;
				CLANG_WARN_ENUM_CONVERSION = YES;
				CLANG_WARN_INFINITE_RECURSION = YES;
				CLANG_WARN_INT_CONVERSION = YES;
				CLANG_WARN_NON_LITERAL_NULL_CONVERSION = YES;
				CLANG_WARN_OBJC_IMPLICIT_RETAIN_SELF = YES;
				CLANG_WARN_OBJC_LITERAL_CONVERSION = YES;
				CLANG_WARN_OBJC_ROOT_CLASS = YES_ERROR;
				CLANG_WARN_RANGE_LOOP_ANALYSIS = YES;
				CLANG_WARN_STRICT_PROTOTYPES = YES;
				CLANG_WARN_SUSPICIOUS_MOVE = YES;
				CLANG_WARN_UNGUARDED_AVAILABILITY = YES_AGGRESSIVE;
				CLANG_WARN_UNREACHABLE_CODE = YES;
				CLANG_WARN__DUPLICATE_METHOD_MATCH = YES;
				CODE_SIGN_IDENTITY = "iPhone Developer";
				COPY_PHASE_STRIP = NO;
				DEBUG_INFORMATION_FORMAT = "dwarf-with-dsym";
				ENABLE_NS_ASSERTIONS = NO;
				ENABLE_STRICT_OBJC_MSGSEND = YES;
				GCC_C_LANGUAGE_STANDARD = gnu11;
				GCC_NO_COMMON_BLOCKS = YES;
				GCC_WARN_64_TO_32_BIT_CONVERSION = YES;
				GCC_WARN_ABOUT_RETURN_TYPE = YES_ERROR;
				GCC_WARN_UNDECLARED_SELECTOR = YES;
				GCC_WARN_UNINITIALIZED_AUTOS = YES_AGGRESSIVE;
				GCC_WARN_UNUSED_FUNCTION = YES;
				GCC_WARN_UNUSED_VARIABLE = YES;
				IPHONEOS_DEPLOYMENT_TARGET = 11.3;
				MTL_ENABLE_DEBUG_INFO = NO;
				SDKROOT = iphoneos;
				SWIFT_COMPILATION_MODE = wholemodule;
				SWIFT_OPTIMIZATION_LEVEL = "-O";
				VALIDATE_PRODUCT = YES;
			};
			name = Release;
		};
		C49F363320B78D7C0022CC27 /* Debug */ = {
			isa = XCBuildConfiguration;
			baseConfigurationReference = F65E1F08FE01AF95D3D62CC4 /* Pods-Chat.debug.xcconfig */;
			buildSettings = {
				ASSETCATALOG_COMPILER_APPICON_NAME = AppIcon;
				CODE_SIGN_STYLE = Automatic;
				DEVELOPMENT_TEAM = 8Y3PGK52XS;
				INFOPLIST_FILE = Chat/Info.plist;
				IPHONEOS_DEPLOYMENT_TARGET = 10.0;
				LD_RUNPATH_SEARCH_PATHS = (
					"$(inherited)",
					"@executable_path/Frameworks",
				);
				PRODUCT_BUNDLE_IDENTIFIER = tech.crozario.Chat;
				PRODUCT_NAME = "$(TARGET_NAME)";
				SWIFT_VERSION = 4.0;
				TARGETED_DEVICE_FAMILY = 1;
			};
			name = Debug;
		};
		C49F363420B78D7C0022CC27 /* Release */ = {
			isa = XCBuildConfiguration;
			baseConfigurationReference = 481D8EFF1EA7B6FCC6F07513 /* Pods-Chat.release.xcconfig */;
			buildSettings = {
				ASSETCATALOG_COMPILER_APPICON_NAME = AppIcon;
				CODE_SIGN_STYLE = Automatic;
				DEVELOPMENT_TEAM = 8Y3PGK52XS;
				INFOPLIST_FILE = Chat/Info.plist;
				IPHONEOS_DEPLOYMENT_TARGET = 10.0;
				LD_RUNPATH_SEARCH_PATHS = (
					"$(inherited)",
					"@executable_path/Frameworks",
				);
				PRODUCT_BUNDLE_IDENTIFIER = tech.crozario.Chat;
				PRODUCT_NAME = "$(TARGET_NAME)";
				SWIFT_VERSION = 4.0;
				TARGETED_DEVICE_FAMILY = 1;
			};
			name = Release;
		};
/* End XCBuildConfiguration section */

/* Begin XCConfigurationList section */
		C49F361B20B78D7B0022CC27 /* Build configuration list for PBXProject "Chat" */ = {
			isa = XCConfigurationList;
			buildConfigurations = (
				C49F363020B78D7C0022CC27 /* Debug */,
				C49F363120B78D7C0022CC27 /* Release */,
			);
			defaultConfigurationIsVisible = 0;
			defaultConfigurationName = Release;
		};
		C49F363220B78D7C0022CC27 /* Build configuration list for PBXNativeTarget "Chat" */ = {
			isa = XCConfigurationList;
			buildConfigurations = (
				C49F363320B78D7C0022CC27 /* Debug */,
				C49F363420B78D7C0022CC27 /* Release */,
			);
			defaultConfigurationIsVisible = 0;
			defaultConfigurationName = Release;
		};
/* End XCConfigurationList section */
	};
	rootObject = C49F361820B78D7B0022CC27 /* Project object */;
}
